{
    "_meta": {
        "hash": {
            "sha256": "dd11efd5de81813c2a1f601d16135eeea1b2ed56ce980eed58f3ebbc140b824a"
        },
        "pipfile-spec": 6,
        "requires": {
            "python_version": "3.9"
        },
        "sources": [
            {
                "name": "pypi",
                "url": "https://pypi.org/simple",
                "verify_ssl": true
            }
        ]
    },
    "default": {
        "bitarray": {
            "hashes": [
                "sha256:27a69ffcee3b868abab3ce8b17c69e02b63e722d4d64ffd91d659f81e9984954"
            ],
            "version": "==1.2.2"
        },
        "certifi": {
            "hashes": [
                "sha256:78884e7c1d4b00ce3cea67b44566851c4343c120abd683433ce934a68ea58872",
                "sha256:d62a0163eb4c2344ac042ab2bdf75399a71a2d8c7d47eac2e2ee91b9d6339569"
            ],
            "version": "==2021.10.8"
        },
        "charset-normalizer": {
            "hashes": [
                "sha256:2857e29ff0d34db842cd7ca3230549d1a697f96ee6d3fb071cfa6c7393832597",
                "sha256:6881edbebdb17b39b4eaaa821b438bf6eddffb4468cf344f09f89def34a8b1df"
            ],
            "markers": "python_version >= '3'",
            "version": "==2.0.12"
        },
        "click": {
            "hashes": [
                "sha256:24e1a4a9ec5bf6299411369b208c1df2188d9eb8d916302fe6bf03faed227f1e",
                "sha256:479707fe14d9ec9a0757618b7a100a0ae4c4e236fac5b7f80ca68028141a1a72"
            ],
            "index": "pypi",
            "version": "==8.1.2"
        },
        "click-log": {
            "hashes": [
                "sha256:3970f8570ac54491237bcdb3d8ab5e3eef6c057df29f8c3d1151a51a9c23b975",
                "sha256:a43e394b528d52112af599f2fc9e4b7cf3c15f94e53581f74fa6867e68c91756"
            ],
            "index": "pypi",
            "version": "==0.4.0"
        },
        "cytoolz": {
            "hashes": [
                "sha256:ea23663153806edddce7e4153d1d407d62357c05120a4e8485bddf1bd5ab22b4"
            ],
            "markers": "implementation_name == 'cpython'",
            "version": "==0.11.2"
        },
        "eth-abi": {
            "hashes": [
                "sha256:31578b179cf9430c21ac32a4e5f401c14b6e2cc1fd64ca3587cd354068217804",
                "sha256:db04aa7c722e0b599e674178f6bc03f0d4185c13aba516b715a22f9c1218092a"
            ],
            "markers": "python_version >= '3.7' and python_version < '4'",
            "version": "==3.0.0"
        },
        "eth-account": {
            "hashes": [
                "sha256:54b0b7d661e73f4cd12d508c9baa5c9a6e8c194aa7bafc39277cd673683ae50e",
                "sha256:71898127a808d75127a68fa4193aba967489eaf6e62cee1e2e8b08582d01cba8"
            ],
            "markers": "python_version >= '3.6' and python_version < '4'",
            "version": "==0.6.1"
        },
        "eth-hash": {
            "extras": [
                "pycryptodome"
            ],
            "hashes": [
                "sha256:3f40cecd5ead88184aa9550afc19d057f103728108c5102f592f8415949b5a76",
                "sha256:de7385148a8e0237ba1240cddbc06d53f56731140f8593bdb8429306f6b42271"
            ],
            "markers": "python_version >= '3.5' and python_version < '4'",
            "version": "==0.3.2"
        },
        "eth-keyfile": {
            "hashes": [
                "sha256:7a874b179771827ffc7e38403ec412b8b3ff1a8c5cc945169609e799fadc7000",
                "sha256:d30597cdecb8ccd3b56bb275cd86fcdc7a279f86eafa92ddc49f66512f0bff67"
            ],
            "version": "==0.6.0"
        },
        "eth-keys": {
            "hashes": [
                "sha256:7d18887483bc9b8a3fdd8e32ddcb30044b9f08fcb24a380d93b6eee3a5bb3216",
                "sha256:e07915ffb91277803a28a379418bdd1fad1f390c38ad9353a0f189789a440d5d"
            ],
            "index": "pypi",
            "version": "==0.4.0"
        },
        "eth-rlp": {
            "hashes": [
                "sha256:e88e949a533def85c69fa94224618bbbd6de00061f4cff645c44621dab11cf33",
                "sha256:f3263b548df718855d9a8dbd754473f383c0efc82914b0b849572ce3e06e71a6"
            ],
            "markers": "python_version >= '3.7' and python_version < '4'",
            "version": "==0.3.0"
        },
        "eth-tester": {
            "hashes": [
                "sha256:0dbc31596976dc3b012e284cd06d723e8fc1b9e8ef4c0cf7969a8134e5b29a38",
                "sha256:27f052db24c634b76bf413a07282ee5e2421d1f601a7c7b56dd5f7335980391f"
            ],
            "index": "pypi",
            "version": "==0.6.0b5"
        },
        "eth-typing": {
            "hashes": [
                "sha256:079e4c41e98cf2635d3830a99f3cbd7b1d73d2368464d4493c002bece545184a",
                "sha256:fb96f5eaa844b8be7727d590a54a952a42e5021426f98074b06b23ae43de5867"
            ],
            "markers": "python_version < '3.11' and python_version >= '3.6'",
            "version": "==3.0.0"
        },
        "eth-utils": {
            "hashes": [
                "sha256:209dc12255398f2a88f12de78f338b974861f9aefa981af5b68a5d102c9b2043",
                "sha256:32f50edb14c5be0c4f0e8c2e6117286ccc5dfda21d170f358add554a048398e3"
            ],
            "markers": "python_version >= '3.6' and python_version < '4'",
            "version": "==2.0.0"
        },
        "ethereum-abi-utils": {
            "hashes": [
                "sha256:0d8821931643ec6e33c9bb42c55b5e28ef9d898542febe854c67ce10f3718491",
                "sha256:4e3f2419a9b74dac229bab682635443c4e44691c365def2519ad21e97396b7a4"
            ],
            "version": "==0.4.7"
        },
        "ethereum-tester": {
            "hashes": [
                "sha256:e6b054341aa9c18344a211cf18ac4c2b615b3a534de3de34c7ab661f04d37759",
                "sha256:f3d65d218a9a9daec1bdba5e0ff078f7d539818482d091fb15b20fc8f2f40f73"
            ],
            "version": "==0.1.0b3"
        },
        "ethereum-utils": {
            "hashes": [
                "sha256:8642b92582fd474780481104f8dc2d6d9841bf03e9ca05e2fc176acb051c7940",
                "sha256:c07d02aaedeb2805c28b04d9b65790c1a61575d8e8b337886c23b6a543077923"
            ],
            "version": "==0.6.2"
        },
        "hexbytes": {
            "hashes": [
                "sha256:a5881304d186e87578fb263a85317c808cf130e1d4b3d37d30142ab0f7898d03",
                "sha256:ef53c37ea9f316fff86fcb1df057b4c6ba454da348083e972031bbf7bc9c3acc"
            ],
            "markers": "python_version >= '3.6' and python_version < '4'",
            "version": "==0.2.2"
        },
        "idna": {
            "hashes": [
                "sha256:84d9dd047ffa80596e0f246e2eab0b391788b0503584e8945f2368256d2735ff",
                "sha256:9d643ff0a55b762d5cdb124b8eaa99c66322e2157b69160bc32796e824360e6d"
            ],
            "markers": "python_version >= '3'",
            "version": "==3.3"
        },
        "parsimonious": {
            "hashes": [
                "sha256:3add338892d580e0cb3b1a39e4a1b427ff9f687858fdd61097053742391a9f6b"
            ],
            "version": "==0.8.1"
        },
        "pycryptodome": {
            "hashes": [
                "sha256:028dcbf62d128b4335b61c9fbb7dd8c376594db607ef36d5721ee659719935d5",
                "sha256:12ef157eb1e01a157ca43eda275fa68f8db0dd2792bc4fe00479ab8f0e6ae075",
                "sha256:2562de213960693b6d657098505fd4493c45f3429304da67efcbeb61f0edfe89",
                "sha256:27e92c1293afcb8d2639baf7eb43f4baada86e4de0f1fb22312bfc989b95dae2",
                "sha256:36e3242c4792e54ed906c53f5d840712793dc68b726ec6baefd8d978c5282d30",
                "sha256:50a5346af703330944bea503106cd50c9c2212174cfcb9939db4deb5305a8367",
                "sha256:53dedbd2a6a0b02924718b520a723e88bcf22e37076191eb9b91b79934fb2192",
                "sha256:69f05aaa90c99ac2f2af72d8d7f185f729721ad7c4be89e9e3d0ab101b0ee875",
                "sha256:75a3a364fee153e77ed889c957f6f94ec6d234b82e7195b117180dcc9fc16f96",
                "sha256:766a8e9832128c70012e0c2b263049506cbf334fb21ff7224e2704102b6ef59e",
                "sha256:7fb90a5000cc9c9ff34b4d99f7f039e9c3477700e309ff234eafca7b7471afc0",
                "sha256:893f32210de74b9f8ac869ed66c97d04e7d351182d6d39ebd3b36d3db8bda65d",
                "sha256:8b5c28058102e2974b9868d72ae5144128485d466ba8739abd674b77971454cc",
                "sha256:924b6aad5386fb54f2645f22658cb0398b1f25bc1e714a6d1522c75d527deaa5",
                "sha256:9924248d6920b59c260adcae3ee231cd5af404ac706ad30aa4cd87051bf09c50",
                "sha256:9ec761a35dbac4a99dcbc5cd557e6e57432ddf3e17af8c3c86b44af9da0189c0",
                "sha256:a36ab51674b014ba03da7f98b675fcb8eabd709a2d8e18219f784aba2db73b72",
                "sha256:aae395f79fa549fb1f6e3dc85cf277f0351e15a22e6547250056c7f0c990d6a5",
                "sha256:c880a98376939165b7dc504559f60abe234b99e294523a273847f9e7756f4132",
                "sha256:ce7a875694cd6ccd8682017a7c06c6483600f151d8916f2b25cf7a439e600263",
                "sha256:d1b7739b68a032ad14c5e51f7e4e1a5f92f3628bba024a2bda1f30c481fc85d8",
                "sha256:dcd65355acba9a1d0fc9b923875da35ed50506e339b35436277703d7ace3e222",
                "sha256:e04e40a7f8c1669195536a37979dd87da2c32dbdc73d6fe35f0077b0c17c803b",
                "sha256:e0c04c41e9ade19fbc0eff6aacea40b831bfcb2c91c266137bcdfd0d7b2f33ba",
                "sha256:e24d4ec4b029611359566c52f31af45c5aecde7ef90bf8f31620fd44c438efe7",
                "sha256:e64738207a02a83590df35f59d708bf1e7ea0d6adce712a777be2967e5f7043c",
                "sha256:ea56a35fd0d13121417d39a83f291017551fa2c62d6daa6b04af6ece7ed30d84",
                "sha256:f2772af1c3ef8025c85335f8b828d0193fa1e43256621f613280e2c81bfad423",
                "sha256:f403a3e297a59d94121cb3ee4b1cf41f844332940a62d71f9e4a009cc3533493",
                "sha256:f572a3ff7b6029dd9b904d6be4e0ce9e309dcb847b03e3ac8698d9d23bb36525"
            ],
            "markers": "python_version >= '2.7' and python_version not in '3.0, 3.1, 3.2, 3.3, 3.4'",
            "version": "==3.14.1"
        },
        "pylru": {
            "hashes": [
                "sha256:47ad140a63ab9389648dadfbb4330700e0ffeeb28ec04664ee47d37ed133b0f4",
                "sha256:b7c75b0676e2fbae647823bc209e23998772867d3679f1583c7350a9b02a59f0"
            ],
            "version": "==1.2.1"
        },
        "pysha3": {
            "hashes": [
                "sha256:0060a66be16665d90c432f55a0ba1f6480590cfb7d2ad389e688a399183474f0",
                "sha256:11a2ba7a2e1d9669d0052fc8fb30f5661caed5512586ecbeeaf6bf9478ab5c48",
                "sha256:386998ee83e313b6911327174e088021f9f2061cbfa1651b97629b761e9ef5c4",
                "sha256:41be70b06c8775a9e4d4eeb52f2f6a3f356f17539a54eac61f43a29e42fd453d",
                "sha256:4416f16b0f1605c25f627966f76873e432971824778b369bd9ce1bb63d6566d9",
                "sha256:571a246308a7b63f15f5aa9651f99cf30f2a6acba18eddf28f1510935968b603",
                "sha256:59111c08b8f34495575d12e5f2ce3bafb98bea470bc81e70c8b6df99aef0dd2f",
                "sha256:5ec8da7c5c70a53b5fa99094af3ba8d343955b212bc346a0d25f6ff75853999f",
                "sha256:684cb01d87ed6ff466c135f1c83e7e4042d0fc668fa20619f581e6add1d38d77",
                "sha256:68c3a60a39f9179b263d29e221c1bd6e01353178b14323c39cc70593c30f21c5",
                "sha256:6e6a84efb7856f5d760ee55cd2b446972cb7b835676065f6c4f694913ea8f8d9",
                "sha256:827b308dc025efe9b6b7bae36c2e09ed0118a81f792d888548188e97b9bf9a3d",
                "sha256:93abd775dac570cb9951c4e423bcb2bc6303a9d1dc0dc2b7afa2dd401d195b24",
                "sha256:9c778fa8b161dc9348dc5cc361e94d54aa5ff18413788f4641f6600d4893a608",
                "sha256:9fdd28884c5d0b4edfed269b12badfa07f1c89dbc5c9c66dd279833894a9896b",
                "sha256:c7c2adcc43836223680ebdf91f1d3373543dc32747c182c8ca2e02d1b69ce030",
                "sha256:c93a2676e6588abcfaecb73eb14485c81c63b94fca2000a811a7b4fb5937b8e8",
                "sha256:cd5c961b603bd2e6c2b5ef9976f3238a561c58569945d4165efb9b9383b050ef",
                "sha256:f9046d59b3e72aa84f6dae83a040bd1184ebd7fef4e822d38186a8158c89e3cf",
                "sha256:fd7e66999060d079e9c0e8893e78d8017dad4f59721f6fe0be6307cd32127a07",
                "sha256:fe988e73f2ce6d947220624f04d467faf05f1bbdbc64b0a201296bb3af92739e"
            ],
            "version": "==1.0.2"
        },
        "python-dotenv": {
            "hashes": [
                "sha256:b7e3b04a59693c42c36f9ab1cc2acc46fa5df8c78e178fc33a8d4cd05c8d498f",
                "sha256:d92a187be61fe482e4fd675b6d52200e7be63a12b724abbf931a40ce4fa92938"
            ],
            "index": "pypi",
            "version": "==0.20.0"
        },
        "requests": {
            "hashes": [
                "sha256:68d7c56fd5a8999887728ef304a6d12edc7be74f1cfa47714fc8b414525c9a61",
                "sha256:f22fa1e554c9ddfd16e6e41ac79759e17be9e492b3587efa038054674760e72d"
            ],
            "index": "pypi",
            "version": "==2.27.1"
        },
        "rlp": {
            "hashes": [
                "sha256:63b0465d2948cd9f01de449d7adfb92d207c1aef3982f20310f8009be4a507e8",
                "sha256:d2a963225b3f26795c5b52310e0871df9824af56823d739511583ef459895a7d"
            ],
            "version": "==3.0.0"
        },
        "semantic-version": {
            "hashes": [
                "sha256:abf54873553e5e07a6fd4d5f653b781f5ae41297a493666b59dcf214006a12b2",
                "sha256:db2504ab37902dd2c9876ece53567aa43a5b2a417fbe188097b2048fff46da3d"
            ],
            "markers": "python_version >= '2.7'",
            "version": "==2.9.0"
        },
        "six": {
            "hashes": [
                "sha256:1e61c37477a1626458e36f7b1d82aa5c9b094fa4802892072e49de9c60c4c926",
                "sha256:8abb2f1d86890a2dfb989f9a77cfcfd3e47c2a354b01111771326f8aa26e0254"
            ],
            "markers": "python_version >= '2.7' and python_version not in '3.0, 3.1, 3.2, 3.3'",
            "version": "==1.16.0"
        },
        "toolz": {
            "hashes": [
                "sha256:6b312d5e15138552f1bda8a4e66c30e236c831b612b2bf0005f8a1df10a4bc33",
                "sha256:a5700ce83414c64514d82d60bcda8aabfde092d1c1a8663f9200c07fdcc6da8f"
            ],
            "markers": "python_version >= '3.5'",
            "version": "==0.11.2"
        },
        "urllib3": {
            "hashes": [
                "sha256:44ece4d53fb1706f667c9bd1c648f5469a2ec925fcf3a776667042d645472c14",
                "sha256:aabaf16477806a5e1dd19aa41f8c2b7950dd3c746362d7e3223dbe6de6ac448e"
            ],
            "markers": "python_version >= '2.7' and python_version not in '3.0, 3.1, 3.2, 3.3, 3.4' and python_version < '4'",
            "version": "==1.26.9"
        },
        "web3": {
            "hashes": [
                "sha256:1dc4536cf7c4bb37777ea26ed3b6b7c5bd25e2fb7225d8ecbaa3aa3612aee141",
                "sha256:b6209d557cd5501d9fbbc895d06ec8d26a92c053c32c5127a6abcbac996d24fe"
            ],
            "index": "pypi",
            "version": "==3.16.3"
        },
        "websockets": {
            "hashes": [
                "sha256:038afef2a05893578d10dadbdbb5f112bd115c46347e1efe99f6a356ff062138",
                "sha256:05f6e9757017270e7a92a2975e2ae88a9a582ffc4629086fd6039aa80e99cd86",
                "sha256:0b66421f9f13d4df60cd48ab977ed2c2b6c9147ae1a33caf5a9f46294422fda1",
                "sha256:0cd02f36d37e503aca88ab23cc0a1a0e92a263d37acf6331521eb38040dcf77b",
                "sha256:0f73cb2526d6da268e86977b2c4b58f2195994e53070fe567d5487c6436047e6",
                "sha256:117383d0a17a0dda349f7a8790763dde75c1508ff8e4d6e8328b898b7df48397",
                "sha256:1c1f3b18c8162e3b09761d0c6a0305fd642934202541cc511ef972cb9463261e",
                "sha256:1c9031e90ebfc486e9cdad532b94004ade3aa39a31d3c46c105bb0b579cd2490",
                "sha256:2349fa81b6b959484bb2bda556ccb9eb70ba68987646a0f8a537a1a18319fb03",
                "sha256:24b879ba7db12bb525d4e58089fcbe6a3df3ce4666523183654170e86d372cbe",
                "sha256:2aa9b91347ecd0412683f28aabe27f6bad502d89bd363b76e0a3508b1596402e",
                "sha256:56d48eebe9e39ce0d68701bce3b21df923aa05dcc00f9fd8300de1df31a7c07c",
                "sha256:5a38a0175ae82e4a8c4bac29fc01b9ee26d7d5a614e5ee11e7813c68a7d938ce",
                "sha256:5b04270b5613f245ec84bb2c6a482a9d009aefad37c0575f6cda8499125d5d5c",
                "sha256:6193bbc1ee63aadeb9a4d81de0e19477401d150d506aee772d8380943f118186",
                "sha256:669e54228a4d9457abafed27cbf0e2b9f401445c4dfefc12bf8e4db9751703b8",
                "sha256:6a009eb551c46fd79737791c0c833fc0e5b56bcd1c3057498b262d660b92e9cd",
                "sha256:71a4491cfe7a9f18ee57d41163cb6a8a3fa591e0f0564ca8b0ed86b2a30cced4",
                "sha256:7b38a5c9112e3dbbe45540f7b60c5204f49b3cb501b40950d6ab34cd202ab1d0",
                "sha256:7bb9d8a6beca478c7e9bdde0159bd810cc1006ad6a7cb460533bae39da692ca2",
                "sha256:82bc33db6d8309dc27a3bee11f7da2288ad925fcbabc2a4bb78f7e9c56249baf",
                "sha256:8351c3c86b08156337b0e4ece0e3c5ec3e01fcd14e8950996832a23c99416098",
                "sha256:8beac786a388bb99a66c3be4ab0fb38273c0e3bc17f612a4e0a47c4fc8b9c045",
                "sha256:97950c7c844ec6f8d292440953ae18b99e3a6a09885e09d20d5e7ecd9b914cf8",
                "sha256:98f57b3120f8331cd7440dbe0e776474f5e3632fdaa474af1f6b754955a47d71",
                "sha256:9ca2ca05a4c29179f06cf6727b45dba5d228da62623ec9df4184413d8aae6cb9",
                "sha256:a03a25d95cc7400bd4d61a63460b5d85a7761c12075ee2f51de1ffe73aa593d3",
                "sha256:a10c0c1ee02164246f90053273a42d72a3b2452a7e7486fdae781138cf7fbe2d",
                "sha256:a72b92f96e5e540d5dda99ee3346e199ade8df63152fa3c737260da1730c411f",
                "sha256:ac081aa0307f263d63c5ff0727935c736c8dad51ddf2dc9f5d0c4759842aefaa",
                "sha256:b22bdc795e62e71118b63e14a08bacfa4f262fd2877de7e5b950f5ac16b0348f",
                "sha256:b4059e2ccbe6587b6dc9a01db5fc49ead9a884faa4076eea96c5ec62cb32f42a",
                "sha256:b7fe45ae43ac814beb8ca09d6995b56800676f2cfa8e23f42839dc69bba34a42",
                "sha256:bef03a51f9657fb03d8da6ccd233fe96e04101a852f0ffd35f5b725b28221ff3",
                "sha256:bffc65442dd35c473ca9790a3fa3ba06396102a950794f536783f4b8060af8dd",
                "sha256:c21a67ab9a94bd53e10bba21912556027fea944648a09e6508415ad14e37c325",
                "sha256:c67d9cacb3f6537ca21e9b224d4fd08481538e43bcac08b3d93181b0816def39",
                "sha256:c6e56606842bb24e16e36ae7eb308d866b4249cf0be8f63b212f287eeb76b124",
                "sha256:cb316b87cbe3c0791c2ad92a5a36bf6adc87c457654335810b25048c1daa6fd5",
                "sha256:cef40a1b183dcf39d23b392e9dd1d9b07ab9c46aadf294fff1350fb79146e72b",
                "sha256:cf931c33db9c87c53d009856045dd524e4a378445693382a920fa1e0eb77c36c",
                "sha256:d4d110a84b63c5cfdd22485acc97b8b919aefeecd6300c0c9d551e055b9a88ea",
                "sha256:d5396710f86a306cf52f87fd8ea594a0e894ba0cc5a36059eaca3a477dc332aa",
                "sha256:f09f46b1ff6d09b01c7816c50bd1903cf7d02ebbdb63726132717c2fcda835d5",
                "sha256:f14bd10e170abc01682a9f8b28b16e6f20acf6175945ef38db6ffe31b0c72c3f",
                "sha256:f5c335dc0e7dc271ef36df3f439868b3c790775f345338c2f61a562f1074187b",
                "sha256:f8296b8408ec6853b26771599990721a26403e62b9de7e50ac0a056772ac0b5e",
                "sha256:fa35c5d1830d0fb7b810324e9eeab9aa92e8f273f11fdbdc0741dcded6d72b9f"
            ],
            "index": "pypi",
            "version": "==10.2"
        }
    },
    "develop": {}
}
